
Microsoft Visual Studio Solution File, Format Version 12.00
# Visual Studio 15
VisualStudioVersion = 15.0.27703.2047
MinimumVisualStudioVersion = 10.0.40219.1
Project("{9A19103F-16F7-4668-BE54-9A1E7A4F7556}") = "Models", "Models\Models.csproj", "{386C586C-4990-4D10-909F-D6A914C98F7E}"
EndProject
Project("{9A19103F-16F7-4668-BE54-9A1E7A4F7556}") = "EntityFramework", "EntityFramework\EntityFramework.csproj", "{66D796B8-30E7-4C6E-8DFD-867087D36601}"
EndProject
Project("{9A19103F-16F7-4668-BE54-9A1E7A4F7556}") = "Web", "Web\Web.csproj", "{64CBBD02-B23B-4E06-A22C-B53605ABBD08}"
EndProject
Project("{9A19103F-16F7-4668-BE54-9A1E7A4F7556}") = "Design", "Design\Design.csproj", "{ED69EC1A-B899-4545-9D62-227669C44F6F}"
EndProject
Project("{FAE04EC0-301F-11D3-BF4B-00C04F79EFBC}") = "Api", "Api\Api.csproj", "{B199CEE3-1592-49E4-8BFD-A6C500F52880}"
EndProject
Global
	GlobalSection(SolutionConfigurationPlatforms) = preSolution
		Debug|Any CPU = Debug|Any CPU
		Release|Any CPU = Release|Any CPU
	EndGlobalSection
	GlobalSection(ProjectConfigurationPlatforms) = postSolution
		{386C586C-4990-4D10-909F-D6A914C98F7E}.Debug|Any CPU.ActiveCfg = Debug|Any CPU
		{386C586C-4990-4D10-909F-D6A914C98F7E}.Debug|Any CPU.Build.0 = Debug|Any CPU
		{386C586C-4990-4D10-909F-D6A914C98F7E}.Release|Any CPU.ActiveCfg = Release|Any CPU
		{386C586C-4990-4D10-909F-D6A914C98F7E}.Release|Any CPU.Build.0 = Release|Any CPU
		{66D796B8-30E7-4C6E-8DFD-867087D36601}.Debug|Any CPU.ActiveCfg = Debug|Any CPU
		{66D796B8-30E7-4C6E-8DFD-867087D36601}.Debug|Any CPU.Build.0 = Debug|Any CPU
		{66D796B8-30E7-4C6E-8DFD-867087D36601}.Release|Any CPU.ActiveCfg = Release|Any CPU
		{66D796B8-30E7-4C6E-8DFD-867087D36601}.Release|Any CPU.Build.0 = Release|Any CPU
		{64CBBD02-B23B-4E06-A22C-B53605ABBD08}.Debug|Any CPU.ActiveCfg = Debug|Any CPU
		{64CBBD02-B23B-4E06-A22C-B53605ABBD08}.Debug|Any CPU.Build.0 = Debug|Any CPU
		{64CBBD02-B23B-4E06-A22C-B53605ABBD08}.Release|Any CPU.ActiveCfg = Release|Any CPU
		{64CBBD02-B23B-4E06-A22C-B53605ABBD08}.Release|Any CPU.Build.0 = Release|Any CPU
		{ED69EC1A-B899-4545-9D62-227669C44F6F}.Debug|Any CPU.ActiveCfg = Debug|Any CPU
		{ED69EC1A-B899-4545-9D62-227669C44F6F}.Debug|Any CPU.Build.0 = Debug|Any CPU
		{ED69EC1A-B899-4545-9D62-227669C44F6F}.Release|Any CPU.ActiveCfg = Release|Any CPU
		{ED69EC1A-B899-4545-9D62-227669C44F6F}.Release|Any CPU.Build.0 = Release|Any CPU
		{B199CEE3-1592-49E4-8BFD-A6C500F52880}.Debug|Any CPU.ActiveCfg = Debug|Any CPU
		{B199CEE3-1592-49E4-8BFD-A6C500F52880}.Debug|Any CPU.Build.0 = Debug|Any CPU
		{B199CEE3-1592-49E4-8BFD-A6C500F52880}.Release|Any CPU.ActiveCfg = Release|Any CPU
		{B199CEE3-1592-49E4-8BFD-A6C500F52880}.Release|Any CPU.Build.0 = Release|Any CPU
	EndGlobalSection
	GlobalSection(SolutionProperties) = preSolution
		HideSolutionNode = FALSE
	EndGlobalSection
	GlobalSection(ExtensibilityGlobals) = postSolution
		SolutionGuid = {20E9FD29-088F-4B3C-8F68-16093C586038}
	EndGlobalSection
EndGlobal
